
Microsoft Visual Studio Solution File, Format Version 12.00
# Visual Studio 15
VisualStudioVersion = 15.0.28307.168
MinimumVisualStudioVersion = 10.0.40219.1
Project("{FAE04EC0-301F-11D3-BF4B-00C04F79EFBC}") = "MemoryMatchingGame", "MemoryMatchingGame\MemoryMatchingGame.csproj", "{05A0DBD9-E91F-4C13-982C-875159DB4E63}"
EndProject
Global
	GlobalSection(SolutionConfigurationPlatforms) = preSolution
		Debug|Any CPU = Debug|Any CPU
		Release|Any CPU = Release|Any CPU
	EndGlobalSection
	GlobalSection(ProjectConfigurationPlatforms) = postSolution
		{05A0DBD9-E91F-4C13-982C-875159DB4E63}.Debug|Any CPU.ActiveCfg = Debug|Any CPU
		{05A0DBD9-E91F-4C13-982C-875159DB4E63}.Debug|Any CPU.Build.0 = Debug|Any CPU
		{05A0DBD9-E91F-4C13-982C-875159DB4E63}.Release|Any CPU.ActiveCfg = Release|Any CPU
		{05A0DBD9-E91F-4C13-982C-875159DB4E63}.Release|Any CPU.Build.0 = Release|Any CPU
	EndGlobalSection
	GlobalSection(SolutionProperties) = preSolution
		HideSolutionNode = FALSE
	EndGlobalSection
	GlobalSection(ExtensibilityGlobals) = postSolution
		SolutionGuid = {62C1D5C7-C63F-4869-9C6C-FB91847AA141}
	EndGlobalSection
EndGlobal
